
Microsoft Visual Studio Solution File, Format Version 12.00
# Visual Studio Version 16
VisualStudioVersion = 16.0.30717.126
MinimumVisualStudioVersion = 10.0.40219.1
Project("{9A19103F-16F7-4668-BE54-9A1E7A4F7556}") = "ConsoleApp1", "ConsoleApp1\ConsoleApp1.csproj", "{F2B78080-557A-472A-9BFB-745B314C758D}"
EndProject
Project("{9A19103F-16F7-4668-BE54-9A1E7A4F7556}") = "WebApplication1", "WebApplication1\WebApplication1.csproj", "{C44C0527-BFFE-442C-949D-6AA1C947813E}"
EndProject
Global
	GlobalSection(SolutionConfigurationPlatforms) = preSolution
		Debug|Any CPU = Debug|Any CPU
		Release|Any CPU = Release|Any CPU
	EndGlobalSection
	GlobalSection(ProjectConfigurationPlatforms) = postSolution
		{F2B78080-557A-472A-9BFB-745B314C758D}.Debug|Any CPU.ActiveCfg = Debug|Any CPU
		{F2B78080-557A-472A-9BFB-745B314C758D}.Debug|Any CPU.Build.0 = Debug|Any CPU
		{F2B78080-557A-472A-9BFB-745B314C758D}.Release|Any CPU.ActiveCfg = Release|Any CPU
		{F2B78080-557A-472A-9BFB-745B314C758D}.Release|Any CPU.Build.0 = Release|Any CPU
		{C44C0527-BFFE-442C-949D-6AA1C947813E}.Debug|Any CPU.ActiveCfg = Debug|Any CPU
		{C44C0527-BFFE-442C-949D-6AA1C947813E}.Debug|Any CPU.Build.0 = Debug|Any CPU
		{C44C0527-BFFE-442C-949D-6AA1C947813E}.Release|Any CPU.ActiveCfg = Release|Any CPU
		{C44C0527-BFFE-442C-949D-6AA1C947813E}.Release|Any CPU.Build.0 = Release|Any CPU
	EndGlobalSection
	GlobalSection(SolutionProperties) = preSolution
		HideSolutionNode = FALSE
	EndGlobalSection
	GlobalSection(ExtensibilityGlobals) = postSolution
		SolutionGuid = {A9BBA476-0DA8-49F3-A165-8215E7A053AE}
	EndGlobalSection
EndGlobal
